PODS:
  - MediaPipeTasksCommon (0.10.20)
  - MediaPipeTasksVision (0.10.20):
    - MediaPipeTasksCommon (= 0.10.20)

DEPENDENCIES:
  - MediaPipeTasksVision

SPEC REPOS:
  trunk:
    - MediaPipeTasksCommon
    - MediaPipeTasksVision

SPEC CHECKSUMS:
  MediaPipeTasksCommon: 04b56e3156fafc3d0be54fd3e5749ebdd2a28436
  MediaPipeTasksVision: b1edea3da2f069b61d4f498de400ffc94cefea20

PODFILE CHECKSUM: 3cd5d35bd08df5d08d6d21e36e31614faf586c39

COCOAPODS: 1.16.2
